
Microsoft Visual Studio Solution File, Format Version 12.00
Project("{FAE04EC0-301F-11D3-BF4B-00C04F79EFBC}") = "App.ConsoleApp", "App.ConsoleApp\App.ConsoleApp.csproj", "{C3CE0209-73EF-4ACE-AF10-D0EFFE9F2C5A}"
EndProject
Project("{FAE04EC0-301F-11D3-BF4B-00C04F79EFBC}") = "App.Dsl", "App.Dsl\App.Dsl.csproj", "{FEAA4CB6-87DC-493F-A9B1-5FD51C58BCC6}"
EndProject
Project("{FAE04EC0-301F-11D3-BF4B-00C04F79EFBC}") = "App.Common", "App.Common\App.Common.csproj", "{3AED6B5A-DF25-4C0B-A0F6-59B27CF67591}"
EndProject
Project("{2150E333-8FDC-42A3-9474-1A3956D46DE8}") = "Generators", "Generators", "{EBCD1605-EFF8-4151-A165-D2F0E2461CF5}"
EndProject
Project("{FAE04EC0-301F-11D3-BF4B-00C04F79EFBC}") = "App.DockerCompose", "App.DockerCompose\App.DockerCompose.csproj", "{C412B91B-56D8-4146-A75E-762D1C13619B}"
EndProject
Project("{FAE04EC0-301F-11D3-BF4B-00C04F79EFBC}") = "App.Dockerfiles", "App.Dockerfiles\App.Dockerfiles.csproj", "{215415CD-2E79-4D0C-814D-3F5B02E473FA}"
EndProject
Project("{FAE04EC0-301F-11D3-BF4B-00C04F79EFBC}") = "App.DotnetApps", "App.DotnetApps\App.DotnetApps.csproj", "{EA64664D-DC20-408E-8030-6344D9195A60}"
EndProject
Global
	GlobalSection(SolutionConfigurationPlatforms) = preSolution
		Debug|Any CPU = Debug|Any CPU
		Release|Any CPU = Release|Any CPU
	EndGlobalSection
	GlobalSection(ProjectConfigurationPlatforms) = postSolution
		{C3CE0209-73EF-4ACE-AF10-D0EFFE9F2C5A}.Debug|Any CPU.ActiveCfg = Debug|Any CPU
		{C3CE0209-73EF-4ACE-AF10-D0EFFE9F2C5A}.Debug|Any CPU.Build.0 = Debug|Any CPU
		{C3CE0209-73EF-4ACE-AF10-D0EFFE9F2C5A}.Release|Any CPU.ActiveCfg = Release|Any CPU
		{C3CE0209-73EF-4ACE-AF10-D0EFFE9F2C5A}.Release|Any CPU.Build.0 = Release|Any CPU
		{FEAA4CB6-87DC-493F-A9B1-5FD51C58BCC6}.Debug|Any CPU.ActiveCfg = Debug|Any CPU
		{FEAA4CB6-87DC-493F-A9B1-5FD51C58BCC6}.Debug|Any CPU.Build.0 = Debug|Any CPU
		{FEAA4CB6-87DC-493F-A9B1-5FD51C58BCC6}.Release|Any CPU.ActiveCfg = Release|Any CPU
		{FEAA4CB6-87DC-493F-A9B1-5FD51C58BCC6}.Release|Any CPU.Build.0 = Release|Any CPU
		{3AED6B5A-DF25-4C0B-A0F6-59B27CF67591}.Debug|Any CPU.ActiveCfg = Debug|Any CPU
		{3AED6B5A-DF25-4C0B-A0F6-59B27CF67591}.Debug|Any CPU.Build.0 = Debug|Any CPU
		{3AED6B5A-DF25-4C0B-A0F6-59B27CF67591}.Release|Any CPU.ActiveCfg = Release|Any CPU
		{3AED6B5A-DF25-4C0B-A0F6-59B27CF67591}.Release|Any CPU.Build.0 = Release|Any CPU
		{C412B91B-56D8-4146-A75E-762D1C13619B}.Debug|Any CPU.ActiveCfg = Debug|Any CPU
		{C412B91B-56D8-4146-A75E-762D1C13619B}.Debug|Any CPU.Build.0 = Debug|Any CPU
		{C412B91B-56D8-4146-A75E-762D1C13619B}.Release|Any CPU.ActiveCfg = Release|Any CPU
		{C412B91B-56D8-4146-A75E-762D1C13619B}.Release|Any CPU.Build.0 = Release|Any CPU
		{215415CD-2E79-4D0C-814D-3F5B02E473FA}.Debug|Any CPU.ActiveCfg = Debug|Any CPU
		{215415CD-2E79-4D0C-814D-3F5B02E473FA}.Debug|Any CPU.Build.0 = Debug|Any CPU
		{215415CD-2E79-4D0C-814D-3F5B02E473FA}.Release|Any CPU.ActiveCfg = Release|Any CPU
		{215415CD-2E79-4D0C-814D-3F5B02E473FA}.Release|Any CPU.Build.0 = Release|Any CPU
		{EA64664D-DC20-408E-8030-6344D9195A60}.Debug|Any CPU.ActiveCfg = Debug|Any CPU
		{EA64664D-DC20-408E-8030-6344D9195A60}.Debug|Any CPU.Build.0 = Debug|Any CPU
		{EA64664D-DC20-408E-8030-6344D9195A60}.Release|Any CPU.ActiveCfg = Release|Any CPU
		{EA64664D-DC20-408E-8030-6344D9195A60}.Release|Any CPU.Build.0 = Release|Any CPU
	EndGlobalSection
	GlobalSection(NestedProjects) = preSolution
		{C412B91B-56D8-4146-A75E-762D1C13619B} = {EBCD1605-EFF8-4151-A165-D2F0E2461CF5}
		{215415CD-2E79-4D0C-814D-3F5B02E473FA} = {EBCD1605-EFF8-4151-A165-D2F0E2461CF5}
		{EA64664D-DC20-408E-8030-6344D9195A60} = {EBCD1605-EFF8-4151-A165-D2F0E2461CF5}
	EndGlobalSection
EndGlobal
